
Microsoft Visual Studio Solution File, Format Version 12.00
# Visual Studio Version 16
VisualStudioVersion = 16.0.31729.503
MinimumVisualStudioVersion = 10.0.40219.1
Project("{FAE04EC0-301F-11D3-BF4B-00C04F79EFBC}") = "BooksApi", "BooksApi.csproj", "{EEF219DC-7259-4A47-BD29-0580863E1D74}"
EndProject
Global
	GlobalSection(SolutionConfigurationPlatforms) = preSolution
		Debug|Any CPU = Debug|Any CPU
		Release|Any CPU = Release|Any CPU
	EndGlobalSection
	GlobalSection(ProjectConfigurationPlatforms) = postSolution
		{EEF219DC-7259-4A47-BD29-0580863E1D74}.Debug|Any CPU.ActiveCfg = Debug|Any CPU
		{EEF219DC-7259-4A47-BD29-0580863E1D74}.Debug|Any CPU.Build.0 = Debug|Any CPU
		{EEF219DC-7259-4A47-BD29-0580863E1D74}.Release|Any CPU.ActiveCfg = Release|Any CPU
		{EEF219DC-7259-4A47-BD29-0580863E1D74}.Release|Any CPU.Build.0 = Release|Any CPU
	EndGlobalSection
	GlobalSection(SolutionProperties) = preSolution
		HideSolutionNode = FALSE
	EndGlobalSection
	GlobalSection(ExtensibilityGlobals) = postSolution
		SolutionGuid = {AD0F431B-86DA-4CE1-B7E2-550E954DBCBA}
	EndGlobalSection
EndGlobal
